<?xml version="1.0" encoding="utf-8"?>
<Project ToolsVersion="4.0" xmlns="http://schemas.microsoft.com/developer/msbuild/2003">
  <ItemGroup>
    <Filter Include="Source Files">
      <UniqueIdentifier>{4FC737F1-C7A5-4376-A066-2A32D752A2FF}</UniqueIdentifier>
      <Extensions>cpp;c;cc;cxx;def;odl;idl;hpj;bat;asm;asmx</Extensions>
    </Filter>
    <Filter Include="Header Files">
      <UniqueIdentifier>{93995380-89BD-4b04-88EB-625FBE52EBFB}</UniqueIdentifier>
      <Extensions>h;hpp;hxx;hm;inl;inc;xsd</Extensions>
    </Filter>
    <Filter Include="Resource Files">
      <UniqueIdentifier>{67DA6AB6-F800-4c08-8B7A-83BB121AAD01}</UniqueIdentifier>
      <Extensions>rc;ico;cur;bmp;dlg;rc2;rct;bin;rgs;gif;jpg;jpeg;jpe;resx;tiff;tif;png;wav;mfcribbon-ms</Extensions>
    </Filter>
    <Filter Include="core">
      <UniqueIdentifier>{be812c7c-7ea5-45a0-9b50-61defb38bf56}</UniqueIdentifier>
    </Filter>
    <Filter Include="core\Header Files">
      <UniqueIdentifier>{25ff2d35-b314-4516-bd7d-415af741c347}</UniqueIdentifier>
    </Filter>
    <Filter Include="core\Source Files">
      <UniqueIdentifier>{bd1747d5-264a-42bc-990c-b64c82808e4d}</UniqueIdentifier>
    </Filter>
    <Filter Include="core\Storage Routine">
      <UniqueIdentifier>{97e8f52e-80a1-472c-b91f-5dcd9d2acfd9}</UniqueIdentifier>
    </Filter>
    <Filter Include="core\Source Files\Filters">
      <UniqueIdentifier>{8e7e7b6e-d592-4a43-92d6-74a93d9ece22}</UniqueIdentifier>
    </Filter>
    <Filter Include="core\Source Files\ImgConverters">
      <UniqueIdentifier>{a552764b-da5c-43b8-8375-2132268f7665}</UniqueIdentifier>
    </Filter>
    <Filter Include="progress">
      <UniqueIdentifier>{7c373bdf-5114-49be-8bdf-a1e97ab45076}</UniqueIdentifier>
    </Filter>
  </ItemGroup>
  <ItemGroup>
    <None Include="ReadMe.txt" />
    <None Include="res\output_wnd.ico">
      <Filter>Resource Files</Filter>
    </None>
    <None Include="res\output_wnd_hc.ico">
      <Filter>Resource Files</Filter>
    </None>
    <None Include="res\properties_wnd.ico">
      <Filter>Resource Files</Filter>
    </None>
    <None Include="res\properties_wnd_hc.ico">
      <Filter>Resource Files</Filter>
    </None>
    <None Include="res\properties.bmp">
      <Filter>Resource Files</Filter>
    </None>
    <None Include="res\properties_hc.bmp">
      <Filter>Resource Files</Filter>
    </None>
    <None Include="res\Gattoo.rc2">
      <Filter>Resource Files</Filter>
    </None>
    <None Include="res\GattooDoc.ico">
      <Filter>Resource Files</Filter>
    </None>
    <None Include="res\Gattoo.ico">
      <Filter>Resource Files</Filter>
    </None>
    <None Include="res\Toolbar.bmp">
      <Filter>Resource Files</Filter>
    </None>
    <None Include="res\Toolbar256.bmp">
      <Filter>Resource Files</Filter>
    </None>
    <None Include="res\eraser.cur">
      <Filter>Resource Files</Filter>
    </None>
    <None Include="res\toolbar_imgedit.bmp">
      <Filter>Resource Files</Filter>
    </None>
    <None Include="res\toolbar_.bmp">
      <Filter>Resource Files</Filter>
    </None>
    <None Include="res\toolbar_256.bmp">
      <Filter>Resource Files</Filter>
    </None>
    <None Include="res\toolbar_imgedit_256.bmp">
      <Filter>Resource Files</Filter>
    </None>
  </ItemGroup>
  <ItemGroup>
    <ClInclude Include="Gattoo.h">
      <Filter>Header Files</Filter>
    </ClInclude>
    <ClInclude Include="stdafx.h">
      <Filter>Header Files</Filter>
    </ClInclude>
    <ClInclude Include="targetver.h">
      <Filter>Header Files</Filter>
    </ClInclude>
    <ClInclude Include="MainFrm.h">
      <Filter>Header Files</Filter>
    </ClInclude>
    <ClInclude Include="GattooDoc.h">
      <Filter>Header Files</Filter>
    </ClInclude>
    <ClInclude Include="Resource.h">
      <Filter>Header Files</Filter>
    </ClInclude>
    <ClInclude Include="OutputWnd.h">
      <Filter>Header Files</Filter>
    </ClInclude>
    <ClInclude Include="PropertiesWnd.h">
      <Filter>Header Files</Filter>
    </ClInclude>
    <ClInclude Include="ILogger.h">
      <Filter>Header Files</Filter>
    </ClInclude>
    <ClInclude Include="OutputLogger.h">
      <Filter>Header Files</Filter>
    </ClInclude>
    <ClInclude Include="core\DriveBrowseDlg.h">
      <Filter>core\Header Files</Filter>
    </ClInclude>
    <ClInclude Include="core\GattooImg.h">
      <Filter>core\Header Files</Filter>
    </ClInclude>
    <ClInclude Include="core\StorageRoutine\CVolumeAccess.h">
      <Filter>core\Storage Routine</Filter>
    </ClInclude>
    <ClInclude Include="core\Filters\HalfToneFilter.h">
      <Filter>core\Source Files\Filters</Filter>
    </ClInclude>
    <ClInclude Include="core\Filters\IImgFilter.h">
      <Filter>core\Source Files\Filters</Filter>
    </ClInclude>
    <ClInclude Include="core\Filters\EqulizeFilter.h">
      <Filter>core\Source Files\Filters</Filter>
    </ClInclude>
    <ClInclude Include="core\ImgConverters\IIMgConverter.h">
      <Filter>core\Source Files\ImgConverters</Filter>
    </ClInclude>
    <ClInclude Include="core\ImgConverters\ImgConverter.h">
      <Filter>core\Source Files\ImgConverters</Filter>
    </ClInclude>
    <ClInclude Include="CommonHelpers.h">
      <Filter>Header Files</Filter>
    </ClInclude>
    <ClInclude Include="core\IProgress.h">
      <Filter>core\Header Files</Filter>
    </ClInclude>
    <ClInclude Include="core\ProgressDlg.h">
      <Filter>core\Header Files</Filter>
    </ClInclude>
    <ClInclude Include="PropertiesInfo.h">
      <Filter>Header Files</Filter>
    </ClInclude>
    <ClInclude Include="ImgPropertiesInfo.h">
      <Filter>Header Files</Filter>
    </ClInclude>
    <ClInclude Include="GattooTabView.h">
      <Filter>Header Files</Filter>
    </ClInclude>
    <ClInclude Include="PrintGattooView.h">
      <Filter>Header Files</Filter>
    </ClInclude>
    <ClInclude Include="OrigGattooView.h">
      <Filter>Header Files</Filter>
    </ClInclude>
    <ClInclude Include="external\progress\UPDialog.h">
      <Filter>progress</Filter>
    </ClInclude>
    <ClInclude Include="TempFile.h">
      <Filter>Header Files</Filter>
    </ClInclude>
  </ItemGroup>
  <ItemGroup>
    <ClCompile Include="Gattoo.cpp">
      <Filter>Source Files</Filter>
    </ClCompile>
    <ClCompile Include="stdafx.cpp">
      <Filter>Source Files</Filter>
    </ClCompile>
    <ClCompile Include="MainFrm.cpp">
      <Filter>Source Files</Filter>
    </ClCompile>
    <ClCompile Include="GattooDoc.cpp">
      <Filter>Source Files</Filter>
    </ClCompile>
    <ClCompile Include="OutputWnd.cpp">
      <Filter>Source Files</Filter>
    </ClCompile>
    <ClCompile Include="PropertiesWnd.cpp">
      <Filter>Source Files</Filter>
    </ClCompile>
    <ClCompile Include="OutputLogger.cpp">
      <Filter>Source Files</Filter>
    </ClCompile>
    <ClCompile Include="core\DriveBrowseDlg.cpp">
      <Filter>core\Source Files</Filter>
    </ClCompile>
    <ClCompile Include="core\GattooImg.cpp">
      <Filter>core\Source Files</Filter>
    </ClCompile>
    <ClCompile Include="core\ImgSaver.cpp">
      <Filter>core\Source Files</Filter>
    </ClCompile>
    <ClCompile Include="core\StorageRoutine\CVolumeAccess.cpp">
      <Filter>core\Storage Routine</Filter>
    </ClCompile>
    <ClCompile Include="core\Filters\HalfToneFilter.cpp">
      <Filter>core\Source Files\Filters</Filter>
    </ClCompile>
    <ClCompile Include="core\Filters\EqulizeFilter.cpp">
      <Filter>core\Source Files\Filters</Filter>
    </ClCompile>
    <ClCompile Include="core\ImgConverters\ImgConverter.cpp">
      <Filter>core\Source Files\ImgConverters</Filter>
    </ClCompile>
    <ClCompile Include="CommonHelpers.cpp">
      <Filter>Source Files</Filter>
    </ClCompile>
    <ClCompile Include="core\ProgressDlg.cpp">
      <Filter>core\Source Files</Filter>
    </ClCompile>
    <ClCompile Include="PropertiesInfo.cpp">
      <Filter>Source Files</Filter>
    </ClCompile>
    <ClCompile Include="ImgPropertiesInfo.cpp">
      <Filter>Source Files</Filter>
    </ClCompile>
    <ClCompile Include="GattooTabView.cpp">
      <Filter>Source Files</Filter>
    </ClCompile>
    <ClCompile Include="PrintGattooView.cpp">
      <Filter>Source Files</Filter>
    </ClCompile>
    <ClCompile Include="OrigGattooView.cpp">
      <Filter>Source Files</Filter>
    </ClCompile>
    <ClCompile Include="external\progress\UPDialog.cpp">
      <Filter>progress</Filter>
    </ClCompile>
    <ClCompile Include="TempFile.cpp">
      <Filter>Source Files</Filter>
    </ClCompile>
  </ItemGroup>
  <ItemGroup>
    <ResourceCompile Include="Gattoo.rc">
      <Filter>Resource Files</Filter>
    </ResourceCompile>
  </ItemGroup>
</Project>